// !$*UTF8*$!
{
	archiveVersion = 1;
	classes = {
	};
	objectVersion = 46;
	objects = {

/* Begin PBXBuildFile section */
		8317E6E41E9BD870003F1AA2 /* AppDelegate.swift in Sources */ = {isa = PBXBuildFile; fileRef = 8317E6E31E9BD870003F1AA2 /* AppDelegate.swift */; };
		8317E6E61E9BD870003F1AA2 /* ViewController.swift in Sources */ = {isa = PBXBuildFile; fileRef = 8317E6E51E9BD870003F1AA2 /* ViewController.swift */; };
		8317E6E91E9BD870003F1AA2 /* Main.storyboard in Resources */ = {isa = PBXBuildFile; fileRef = 8317E6E71E9BD870003F1AA2 /* Main.storyboard */; };
		8317E6EB1E9BD870003F1AA2 /* Assets.xcassets in Resources */ = {isa = PBXBuildFile; fileRef = 8317E6EA1E9BD870003F1AA2 /* Assets.xcassets */; };
		8317E6EE1E9BD870003F1AA2 /* LaunchScreen.storyboard in Resources */ = {isa = PBXBuildFile; fileRef = 8317E6EC1E9BD870003F1AA2 /* LaunchScreen.storyboard */; };
/* End PBXBuildFile section */

/* Begin PBXFileReference section */
		8317E6E01E9BD870003F1AA2 /* Tootbot.app */ = {isa = PBXFileReference; explicitFileType = wrapper.application; includeInIndex = 0; path = Tootbot.app; sourceTree = BUILT_PRODUCTS_DIR; };
		8317E6E31E9BD870003F1AA2 /* AppDelegate.swift */ = {isa = PBXFileReference; lastKnownFileType = sourcecode.swift; path = AppDelegate.swift; sourceTree = "<group>"; };
		8317E6E51E9BD870003F1AA2 /* ViewController.swift */ = {isa = PBXFileReference; lastKnownFileType = sourcecode.swift; path = ViewController.swift; sourceTree = "<group>"; };
		8317E6E81E9BD870003F1AA2 /* Base */ = {isa = PBXFileReference; lastKnownFileType = file.storyboard; name = Base; path = Base.lproj/Main.storyboard; sourceTree = "<group>"; };
		8317E6EA1E9BD870003F1AA2 /* Assets.xcassets */ = {isa = PBXFileReference; lastKnownFileType = folder.assetcatalog; path = Assets.xcassets; sourceTree = "<group>"; };
		8317E6ED1E9BD870003F1AA2 /* Base */ = {isa = PBXFileReference; lastKnownFileType = file.storyboard; name = Base; path = Base.lproj/LaunchScreen.storyboard; sourceTree = "<group>"; };
		8317E6EF1E9BD870003F1AA2 /* Info.plist */ = {isa = PBXFileReference; lastKnownFileType = text.plist.xml; path = Info.plist; sourceTree = "<group>"; };
/* End PBXFileReference section */

/* Begin PBXFrameworksBuildPhase section */
		8317E6DD1E9BD870003F1AA2 /* Frameworks */ = {
			isa = PBXFrameworksBuildPhase;
			buildActionMask = 2147483647;
			files = (
			);
			runOnlyForDeploymentPostprocessing = 0;
		};
/* End PBXFrameworksBuildPhase section */

/* Begin PBXGroup section */
		8317E6D71E9BD870003F1AA2 = {
			isa = PBXGroup;
			children = (
				8317E6E21E9BD870003F1AA2 /* Tootbot */,
				8317E6E11E9BD870003F1AA2 /* Products */,
			);
			sourceTree = "<group>";
		};
		8317E6E11E9BD870003F1AA2 /* Products */ = {
			isa = PBXGroup;
			children = (
				8317E6E01E9BD870003F1AA2 /* Tootbot.app */,
			);
			name = Products;
			sourceTree = "<group>";
		};
		8317E6E21E9BD870003F1AA2 /* Tootbot */ = {
			isa = PBXGroup;
			children = (
				8317E6E31E9BD870003F1AA2 /* AppDelegate.swift */,
				8317E6E51E9BD870003F1AA2 /* ViewController.swift */,
				8317E6E71E9BD870003F1AA2 /* Main.storyboard */,
				8317E6EA1E9BD870003F1AA2 /* Assets.xcassets */,
				8317E6EC1E9BD870003F1AA2 /* LaunchScreen.storyboard */,
				8317E6EF1E9BD870003F1AA2 /* Info.plist */,
			);
			path = Tootbot;
			sourceTree = "<group>";
		};
/* End PBXGroup section */

/* Begin PBXNativeTarget section */
		8317E6DF1E9BD870003F1AA2 /* Tootbot */ = {
			isa = PBXNativeTarget;
			buildConfigurationList = 8317E6F21E9BD870003F1AA2 /* Build configuration list for PBXNativeTarget "Tootbot" */;
			buildPhases = (
				8317E6DC1E9BD870003F1AA2 /* Sources */,
				8317E6DD1E9BD870003F1AA2 /* Frameworks */,
				8317E6DE1E9BD870003F1AA2 /* Resources */,
			);
			buildRules = (
			);
			dependencies = (
			);
			name = Tootbot;
			productName = Tootbot;
			productReference = 8317E6E01E9BD870003F1AA2 /* Tootbot.app */;
			productType = "com.apple.product-type.application";
		};
/* End PBXNativeTarget section */

/* Begin PBXProject section */
		8317E6D81E9BD870003F1AA2 /* Project object */ = {
			isa = PBXProject;
			attributes = {
				LastSwiftUpdateCheck = 0830;
				LastUpgradeCheck = 0830;
				ORGANIZATIONNAME = "";
				TargetAttributes = {
					8317E6DF1E9BD870003F1AA2 = {
						CreatedOnToolsVersion = 8.3.1;
						DevelopmentTeam = 94C3W2AV74;
						ProvisioningStyle = Automatic;
					};
				};
			};
			buildConfigurationList = 8317E6DB1E9BD870003F1AA2 /* Build configuration list for PBXProject "Tootbot" */;
			compatibilityVersion = "Xcode 3.2";
			developmentRegion = English;
			hasScannedForEncodings = 0;
			knownRegions = (
				en,
				Base,
			);
			mainGroup = 8317E6D71E9BD870003F1AA2;
			productRefGroup = 8317E6E11E9BD870003F1AA2 /* Products */;
			projectDirPath = "";
			projectRoot = "";
			targets = (
				8317E6DF1E9BD870003F1AA2 /* Tootbot */,
			);
		};
/* End PBXProject section */

/* Begin PBXResourcesBuildPhase section */
		8317E6DE1E9BD870003F1AA2 /* Resources */ = {
			isa = PBXResourcesBuildPhase;
			buildActionMask = 2147483647;
			files = (
				8317E6EE1E9BD870003F1AA2 /* LaunchScreen.storyboard in Resources */,
				8317E6EB1E9BD870003F1AA2 /* Assets.xcassets in Resources */,
				8317E6E91E9BD870003F1AA2 /* Main.storyboard in Resources */,
			);
			runOnlyForDeploymentPostprocessing = 0;
		};
/* End PBXResourcesBuildPhase section */

/* Begin PBXSourcesBuildPhase section */
		8317E6DC1E9BD870003F1AA2 /* Sources */ = {
			isa = PBXSourcesBuildPhase;
			buildActionMask = 2147483647;
			files = (
				8317E6E61E9BD870003F1AA2 /* ViewController.swift in Sources */,
				8317E6E41E9BD870003F1AA2 /* AppDelegate.swift in Sources */,
			);
			runOnlyForDeploymentPostprocessing = 0;
		};
/* End PBXSourcesBuildPhase section */

/* Begin PBXVariantGroup section */
		8317E6E71E9BD870003F1AA2 /* Main.storyboard */ = {
			isa = PBXVariantGroup;
			children = (
				8317E6E81E9BD870003F1AA2 /* Base */,
			);
			name = Main.storyboard;
			sourceTree = "<group>";
		};
		8317E6EC1E9BD870003F1AA2 /* LaunchScreen.storyboard */ = {
			isa = PBXVariantGroup;
			children = (
				8317E6ED1E9BD870003F1AA2 /* Base */,
			);
			name = LaunchScreen.storyboard;
			sourceTree = "<group>";
		};
/* End PBXVariantGroup section */

/* Begin XCBuildConfiguration section */
		8317E6F01E9BD870003F1AA2 /* Debug */ = {
			isa = XCBuildConfiguration;
			buildSettings = {
				ALWAYS_SEARCH_USER_PATHS = NO;
				CLANG_ANALYZER_NONNULL = YES;
				CLANG_ANALYZER_NUMBER_OBJECT_CONVERSION = YES_AGGRESSIVE;
				CLANG_CXX_LANGUAGE_STANDARD = "gnu++0x";
				CLANG_CXX_LIBRARY = "libc++";
				CLANG_ENABLE_MODULES = YES;
				CLANG_ENABLE_OBJC_ARC = YES;
				CLANG_WARN_BOOL_CONVERSION = YES;
				CLANG_WARN_CONSTANT_CONVERSION = YES;
				CLANG_WARN_DIRECT_OBJC_ISA_USAGE = YES_ERROR;
				CLANG_WARN_DOCUMENTATION_COMMENTS = YES;
				CLANG_WARN_EMPTY_BODY = YES;
				CLANG_WARN_ENUM_CONVERSION = YES;
				CLANG_WARN_INFINITE_RECURSION = YES;
				CLANG_WARN_INT_CONVERSION = YES;
				CLANG_WARN_OBJC_ROOT_CLASS = YES_ERROR;
				CLANG_WARN_SUSPICIOUS_MOVE = YES;
				CLANG_WARN_UNREACHABLE_CODE = YES;
				CLANG_WARN__DUPLICATE_METHOD_MATCH = YES;
				"CODE_SIGN_IDENTITY[sdk=iphoneos*]" = "iPhone Developer";
				COPY_PHASE_STRIP = NO;
				DEBUG_INFORMATION_FORMAT = dwarf;
				ENABLE_STRICT_OBJC_MSGSEND = YES;
				ENABLE_TESTABILITY = YES;
				GCC_C_LANGUAGE_STANDARD = gnu99;
				GCC_DYNAMIC_NO_PIC = NO;
				GCC_NO_COMMON_BLOCKS = YES;
				GCC_OPTIMIZATION_LEVEL = 0;
				GCC_PREPROCESSOR_DEFINITIONS = (
					"DEBUG=1",
					"$(inherited)",
				);
				GCC_WARN_64_TO_32_BIT_CONVERSION = YES;
				GCC_WARN_ABOUT_RETURN_TYPE = YES_ERROR;
				GCC_WARN_UNDECLARED_SELECTOR = YES;
				GCC_WARN_UNINITIALIZED_AUTOS = YES_AGGRESSIVE;
				GCC_WARN_UNUSED_FUNCTION = YES;
				GCC_WARN_UNUSED_VARIABLE = YES;
				IPHONEOS_DEPLOYMENT_TARGET = 10.3;
				MTL_ENABLE_DEBUG_INFO = YES;
				ONLY_ACTIVE_ARCH = YES;
				SDKROOT = iphoneos;
				SWIFT_ACTIVE_COMPILATION_CONDITIONS = DEBUG;
				SWIFT_OPTIMIZATION_LEVEL = "-Onone";
				TARGETED_DEVICE_FAMILY = "1,2";
			};
			name = Debug;
		};
		8317E6F11E9BD870003F1AA2 /* Release */ = {
			isa = XCBuildConfiguration;
			buildSettings = {
				ALWAYS_SEARCH_USER_PATHS = NO;
				CLANG_ANALYZER_NONNULL = YES;
				CLANG_ANALYZER_NUMBER_OBJECT_CONVERSION = YES_AGGRESSIVE;
				CLANG_CXX_LANGUAGE_STANDARD = "gnu++0x";
				CLANG_CXX_LIBRARY = "libc++";
				CLANG_ENABLE_MODULES = YES;
				CLANG_ENABLE_OBJC_ARC = YES;
				CLANG_WARN_BOOL_CONVERSION = YES;
				CLANG_WARN_CONSTANT_CONVERSION = YES;
				CLANG_WARN_DIRECT_OBJC_ISA_USAGE = YES_ERROR;
				CLANG_WARN_DOCUMENTATION_COMMENTS = YES;
				CLANG_WARN_EMPTY_BODY = YES;
				CLANG_WARN_ENUM_CONVERSION = YES;
				CLANG_WARN_INFINITE_RECURSION = YES;
				CLANG_WARN_INT_CONVERSION = YES;
				CLANG_WARN_OBJC_ROOT_CLASS = YES_ERROR;
				CLANG_WARN_SUSPICIOUS_MOVE = YES;
				CLANG_WARN_UNREACHABLE_CODE = YES;
				CLANG_WARN__DUPLICATE_METHOD_MATCH = YES;
				"CODE_SIGN_IDENTITY[sdk=iphoneos*]" = "iPhone Developer";
				COPY_PHASE_STRIP = NO;
				DEBUG_INFORMATION_FORMAT = "dwarf-with-dsym";
				ENABLE_NS_ASSERTIONS = NO;
				ENABLE_STRICT_OBJC_MSGSEND = YES;
				GCC_C_LANGUAGE_STANDARD = gnu99;
				GCC_NO_COMMON_BLOCKS = YES;
				GCC_WARN_64_TO_32_BIT_CONVERSION = YES;
				GCC_WARN_ABOUT_RETURN_TYPE = YES_ERROR;
				GCC_WARN_UNDECLARED_SELECTOR = YES;
				GCC_WARN_UNINITIALIZED_AUTOS = YES_AGGRESSIVE;
				GCC_WARN_UNUSED_FUNCTION = YES;
				GCC_WARN_UNUSED_VARIABLE = YES;
				IPHONEOS_DEPLOYMENT_TARGET = 10.3;
				MTL_ENABLE_DEBUG_INFO = NO;
				SDKROOT = iphoneos;
				SWIFT_OPTIMIZATION_LEVEL = "-Owholemodule";
				TARGETED_DEVICE_FAMILY = "1,2";
				VALIDATE_PRODUCT = YES;
			};
			name = Release;
		};
		8317E6F31E9BD870003F1AA2 /* Debug */ = {
			isa = XCBuildConfiguration;
			buildSettings = {
				ASSETCATALOG_COMPILER_APPICON_NAME = AppIcon;
				DEVELOPMENT_TEAM = 94C3W2AV74;
				INFOPLIST_FILE = Tootbot/Info.plist;
				LD_RUNPATH_SEARCH_PATHS = "$(inherited) @executable_path/Frameworks";
				PRODUCT_BUNDLE_IDENTIFIER = tootbot.ios;
				PRODUCT_NAME = "$(TARGET_NAME)";
				SWIFT_VERSION = 3.0;
			};
			name = Debug;
		};
		8317E6F41E9BD870003F1AA2 /* Release */ = {
			isa = XCBuildConfiguration;
			buildSettings = {
				ASSETCATALOG_COMPILER_APPICON_NAME = AppIcon;
				DEVELOPMENT_TEAM = 94C3W2AV74;
				INFOPLIST_FILE = Tootbot/Info.plist;
				LD_RUNPATH_SEARCH_PATHS = "$(inherited) @executable_path/Frameworks";
				PRODUCT_BUNDLE_IDENTIFIER = tootbot.ios;
				PRODUCT_NAME = "$(TARGET_NAME)";
				SWIFT_VERSION = 3.0;
			};
			name = Release;
		};
/* End XCBuildConfiguration section */

/* Begin XCConfigurationList section */
		8317E6DB1E9BD870003F1AA2 /* Build configuration list for PBXProject "Tootbot" */ = {
			isa = XCConfigurationList;
			buildConfigurations = (
				8317E6F01E9BD870003F1AA2 /* Debug */,
				8317E6F11E9BD870003F1AA2 /* Release */,
			);
			defaultConfigurationIsVisible = 0;
			defaultConfigurationName = Release;
		};
		8317E6F21E9BD870003F1AA2 /* Build configuration list for PBXNativeTarget "Tootbot" */ = {
			isa = XCConfigurationList;
			buildConfigurations = (
				8317E6F31E9BD870003F1AA2 /* Debug */,
				8317E6F41E9BD870003F1AA2 /* Release */,
			);
			defaultConfigurationIsVisible = 0;
		};
/* End XCConfigurationList section */
	};
	rootObject = 8317E6D81E9BD870003F1AA2 /* Project object */;
}
