// !$*UTF8*$!
{
	archiveVersion = 1;
	classes = {
	};
	objectVersion = 46;
	objects = {

/* Begin PBXBuildFile section */
		12EC120502C700C7DE0805F3 /* Pods_Tootbot.framework in Frameworks */ = {isa = PBXBuildFile; fileRef = D1B78148836D3B3B68CCA76C /* Pods_Tootbot.framework */; };
		8317E6E41E9BD870003F1AA2 /* AppDelegate.swift in Sources */ = {isa = PBXBuildFile; fileRef = 8317E6E31E9BD870003F1AA2 /* AppDelegate.swift */; };
		8317E6E61E9BD870003F1AA2 /* ViewController.swift in Sources */ = {isa = PBXBuildFile; fileRef = 8317E6E51E9BD870003F1AA2 /* ViewController.swift */; };
		8317E6E91E9BD870003F1AA2 /* Main.storyboard in Resources */ = {isa = PBXBuildFile; fileRef = 8317E6E71E9BD870003F1AA2 /* Main.storyboard */; };
		8317E6EB1E9BD870003F1AA2 /* Assets.xcassets in Resources */ = {isa = PBXBuildFile; fileRef = 8317E6EA1E9BD870003F1AA2 /* Assets.xcassets */; };
		8317E6EE1E9BD870003F1AA2 /* LaunchScreen.storyboard in Resources */ = {isa = PBXBuildFile; fileRef = 8317E6EC1E9BD870003F1AA2 /* LaunchScreen.storyboard */; };
		83DB2F1D1EA22D7000AD7080 /* TootbotTests.swift in Sources */ = {isa = PBXBuildFile; fileRef = 83DB2F1C1EA22D7000AD7080 /* TootbotTests.swift */; };
		83DB2F661EA23D1500AD7080 /* ApplicationCredentials.swift in Sources */ = {isa = PBXBuildFile; fileRef = 83DB2F441EA23D1500AD7080 /* ApplicationCredentials.swift */; };
		83DB2F671EA23D1500AD7080 /* ApplicationProperties.swift in Sources */ = {isa = PBXBuildFile; fileRef = 83DB2F451EA23D1500AD7080 /* ApplicationProperties.swift */; };
		83DB2F681EA23D1500AD7080 /* Authentication.swift in Sources */ = {isa = PBXBuildFile; fileRef = 83DB2F461EA23D1500AD7080 /* Authentication.swift */; };
		83DB2F691EA23D1500AD7080 /* DynamicProvider.swift in Sources */ = {isa = PBXBuildFile; fileRef = 83DB2F471EA23D1500AD7080 /* DynamicProvider.swift */; };
		83DB2F6A1EA23D1500AD7080 /* DynamicTarget.swift in Sources */ = {isa = PBXBuildFile; fileRef = 83DB2F481EA23D1500AD7080 /* DynamicTarget.swift */; };
		83DB2F6B1EA23D1500AD7080 /* FormData.swift in Sources */ = {isa = PBXBuildFile; fileRef = 83DB2F491EA23D1500AD7080 /* FormData.swift */; };
		83DB2F6C1EA23D1500AD7080 /* Keychain.swift in Sources */ = {isa = PBXBuildFile; fileRef = 83DB2F4A1EA23D1500AD7080 /* Keychain.swift */; };
		83DB2F6D1EA23D1500AD7080 /* MastodonService.swift in Sources */ = {isa = PBXBuildFile; fileRef = 83DB2F4B1EA23D1500AD7080 /* MastodonService.swift */; };
		83DB2F6E1EA23D1500AD7080 /* Moya+Freddy.swift in Sources */ = {isa = PBXBuildFile; fileRef = 83DB2F4C1EA23D1500AD7080 /* Moya+Freddy.swift */; };
		83DB2F6F1EA23D1500AD7080 /* Networking+ApplicationCredentials.swift in Sources */ = {isa = PBXBuildFile; fileRef = 83DB2F4D1EA23D1500AD7080 /* Networking+ApplicationCredentials.swift */; };
		83DB2F701EA23D1500AD7080 /* Networking+UserCredentials.swift in Sources */ = {isa = PBXBuildFile; fileRef = 83DB2F4E1EA23D1500AD7080 /* Networking+UserCredentials.swift */; };
		83DB2F711EA23D1500AD7080 /* Networking.swift in Sources */ = {isa = PBXBuildFile; fileRef = 83DB2F4F1EA23D1500AD7080 /* Networking.swift */; };
		83DB2F721EA23D1500AD7080 /* OAuthCredentials.swift in Sources */ = {isa = PBXBuildFile; fileRef = 83DB2F501EA23D1500AD7080 /* OAuthCredentials.swift */; };
		83DB2F731EA23D1500AD7080 /* SimpleError.swift in Sources */ = {isa = PBXBuildFile; fileRef = 83DB2F511EA23D1500AD7080 /* SimpleError.swift */; };
		83DB2F741EA23D1500AD7080 /* SubTargetType.swift in Sources */ = {isa = PBXBuildFile; fileRef = 83DB2F521EA23D1500AD7080 /* SubTargetType.swift */; };
		83DB2F751EA23D1500AD7080 /* UserAccount.swift in Sources */ = {isa = PBXBuildFile; fileRef = 83DB2F531EA23D1500AD7080 /* UserAccount.swift */; };
		83DB2F761EA23D1500AD7080 /* Account.swift in Sources */ = {isa = PBXBuildFile; fileRef = 83DB2F551EA23D1500AD7080 /* Account.swift */; };
		83DB2F771EA23D1500AD7080 /* Application.swift in Sources */ = {isa = PBXBuildFile; fileRef = 83DB2F561EA23D1500AD7080 /* Application.swift */; };
		83DB2F781EA23D1500AD7080 /* Attachment.swift in Sources */ = {isa = PBXBuildFile; fileRef = 83DB2F571EA23D1500AD7080 /* Attachment.swift */; };
		83DB2F791EA23D1500AD7080 /* Box.swift in Sources */ = {isa = PBXBuildFile; fileRef = 83DB2F581EA23D1500AD7080 /* Box.swift */; };
		83DB2F7A1EA23D1500AD7080 /* Card.swift in Sources */ = {isa = PBXBuildFile; fileRef = 83DB2F591EA23D1500AD7080 /* Card.swift */; };
		83DB2F7B1EA23D1500AD7080 /* Context.swift in Sources */ = {isa = PBXBuildFile; fileRef = 83DB2F5A1EA23D1500AD7080 /* Context.swift */; };
		83DB2F7C1EA23D1500AD7080 /* DateFormatter.swift in Sources */ = {isa = PBXBuildFile; fileRef = 83DB2F5B1EA23D1500AD7080 /* DateFormatter.swift */; };
		83DB2F7D1EA23D1500AD7080 /* Instance.swift in Sources */ = {isa = PBXBuildFile; fileRef = 83DB2F5C1EA23D1500AD7080 /* Instance.swift */; };
		83DB2F7E1EA23D1500AD7080 /* JSONTransformable.swift in Sources */ = {isa = PBXBuildFile; fileRef = 83DB2F5D1EA23D1500AD7080 /* JSONTransformable.swift */; };
		83DB2F7F1EA23D1500AD7080 /* Mention.swift in Sources */ = {isa = PBXBuildFile; fileRef = 83DB2F5E1EA23D1500AD7080 /* Mention.swift */; };
		83DB2F801EA23D1500AD7080 /* Notification.swift in Sources */ = {isa = PBXBuildFile; fileRef = 83DB2F5F1EA23D1500AD7080 /* Notification.swift */; };
		83DB2F811EA23D1500AD7080 /* Relationship.swift in Sources */ = {isa = PBXBuildFile; fileRef = 83DB2F601EA23D1500AD7080 /* Relationship.swift */; };
		83DB2F821EA23D1500AD7080 /* Report.swift in Sources */ = {isa = PBXBuildFile; fileRef = 83DB2F611EA23D1500AD7080 /* Report.swift */; };
		83DB2F831EA23D1500AD7080 /* Results.swift in Sources */ = {isa = PBXBuildFile; fileRef = 83DB2F621EA23D1500AD7080 /* Results.swift */; };
		83DB2F841EA23D1500AD7080 /* ServerError.swift in Sources */ = {isa = PBXBuildFile; fileRef = 83DB2F631EA23D1500AD7080 /* ServerError.swift */; };
		83DB2F851EA23D1500AD7080 /* Status.swift in Sources */ = {isa = PBXBuildFile; fileRef = 83DB2F641EA23D1500AD7080 /* Status.swift */; };
		83DB2F861EA23D1500AD7080 /* Tag.swift in Sources */ = {isa = PBXBuildFile; fileRef = 83DB2F651EA23D1500AD7080 /* Tag.swift */; };
		83DB2F8F1EA2642600AD7080 /* JSONEntity.swift in Sources */ = {isa = PBXBuildFile; fileRef = 83DB2F8E1EA2642600AD7080 /* JSONEntity.swift */; };
/* End PBXBuildFile section */

/* Begin PBXContainerItemProxy section */
		83DB2F1F1EA22D7000AD7080 /* PBXContainerItemProxy */ = {
			isa = PBXContainerItemProxy;
			containerPortal = 8317E6D81E9BD870003F1AA2 /* Project object */;
			proxyType = 1;
			remoteGlobalIDString = 8317E6DF1E9BD870003F1AA2;
			remoteInfo = Tootbot;
		};
/* End PBXContainerItemProxy section */

/* Begin PBXCopyFilesBuildPhase section */
		8317E7061E9BE25B003F1AA2 /* Embed Frameworks */ = {
			isa = PBXCopyFilesBuildPhase;
			buildActionMask = 2147483647;
			dstPath = "";
			dstSubfolderSpec = 10;
			files = (
			);
			name = "Embed Frameworks";
			runOnlyForDeploymentPostprocessing = 0;
		};
/* End PBXCopyFilesBuildPhase section */

/* Begin PBXFileReference section */
		8317E6E01E9BD870003F1AA2 /* Tootbot.app */ = {isa = PBXFileReference; explicitFileType = wrapper.application; includeInIndex = 0; path = Tootbot.app; sourceTree = BUILT_PRODUCTS_DIR; };
		8317E6E31E9BD870003F1AA2 /* AppDelegate.swift */ = {isa = PBXFileReference; lastKnownFileType = sourcecode.swift; path = AppDelegate.swift; sourceTree = "<group>"; };
		8317E6E51E9BD870003F1AA2 /* ViewController.swift */ = {isa = PBXFileReference; lastKnownFileType = sourcecode.swift; path = ViewController.swift; sourceTree = "<group>"; };
		8317E6E81E9BD870003F1AA2 /* Base */ = {isa = PBXFileReference; lastKnownFileType = file.storyboard; name = Base; path = Base.lproj/Main.storyboard; sourceTree = "<group>"; };
		8317E6EA1E9BD870003F1AA2 /* Assets.xcassets */ = {isa = PBXFileReference; lastKnownFileType = folder.assetcatalog; path = Assets.xcassets; sourceTree = "<group>"; };
		8317E6ED1E9BD870003F1AA2 /* Base */ = {isa = PBXFileReference; lastKnownFileType = file.storyboard; name = Base; path = Base.lproj/LaunchScreen.storyboard; sourceTree = "<group>"; };
		8317E6EF1E9BD870003F1AA2 /* Info.plist */ = {isa = PBXFileReference; lastKnownFileType = text.plist.xml; path = Info.plist; sourceTree = "<group>"; };
		83DB2F1A1EA22D7000AD7080 /* TootbotTests.xctest */ = {isa = PBXFileReference; explicitFileType = wrapper.cfbundle; includeInIndex = 0; path = TootbotTests.xctest; sourceTree = BUILT_PRODUCTS_DIR; };
		83DB2F1C1EA22D7000AD7080 /* TootbotTests.swift */ = {isa = PBXFileReference; lastKnownFileType = sourcecode.swift; path = TootbotTests.swift; sourceTree = "<group>"; };
		83DB2F1E1EA22D7000AD7080 /* Info.plist */ = {isa = PBXFileReference; lastKnownFileType = text.plist.xml; path = Info.plist; sourceTree = "<group>"; };
		83DB2F441EA23D1500AD7080 /* ApplicationCredentials.swift */ = {isa = PBXFileReference; fileEncoding = 4; lastKnownFileType = sourcecode.swift; path = ApplicationCredentials.swift; sourceTree = "<group>"; };
		83DB2F451EA23D1500AD7080 /* ApplicationProperties.swift */ = {isa = PBXFileReference; fileEncoding = 4; lastKnownFileType = sourcecode.swift; path = ApplicationProperties.swift; sourceTree = "<group>"; };
		83DB2F461EA23D1500AD7080 /* Authentication.swift */ = {isa = PBXFileReference; fileEncoding = 4; lastKnownFileType = sourcecode.swift; path = Authentication.swift; sourceTree = "<group>"; };
		83DB2F471EA23D1500AD7080 /* DynamicProvider.swift */ = {isa = PBXFileReference; fileEncoding = 4; lastKnownFileType = sourcecode.swift; path = DynamicProvider.swift; sourceTree = "<group>"; };
		83DB2F481EA23D1500AD7080 /* DynamicTarget.swift */ = {isa = PBXFileReference; fileEncoding = 4; lastKnownFileType = sourcecode.swift; path = DynamicTarget.swift; sourceTree = "<group>"; };
		83DB2F491EA23D1500AD7080 /* FormData.swift */ = {isa = PBXFileReference; fileEncoding = 4; lastKnownFileType = sourcecode.swift; path = FormData.swift; sourceTree = "<group>"; };
		83DB2F4A1EA23D1500AD7080 /* Keychain.swift */ = {isa = PBXFileReference; fileEncoding = 4; lastKnownFileType = sourcecode.swift; path = Keychain.swift; sourceTree = "<group>"; };
		83DB2F4B1EA23D1500AD7080 /* MastodonService.swift */ = {isa = PBXFileReference; fileEncoding = 4; lastKnownFileType = sourcecode.swift; path = MastodonService.swift; sourceTree = "<group>"; };
		83DB2F4C1EA23D1500AD7080 /* Moya+Freddy.swift */ = {isa = PBXFileReference; fileEncoding = 4; lastKnownFileType = sourcecode.swift; path = "Moya+Freddy.swift"; sourceTree = "<group>"; };
		83DB2F4D1EA23D1500AD7080 /* Networking+ApplicationCredentials.swift */ = {isa = PBXFileReference; fileEncoding = 4; lastKnownFileType = sourcecode.swift; path = "Networking+ApplicationCredentials.swift"; sourceTree = "<group>"; };
		83DB2F4E1EA23D1500AD7080 /* Networking+UserCredentials.swift */ = {isa = PBXFileReference; fileEncoding = 4; lastKnownFileType = sourcecode.swift; path = "Networking+UserCredentials.swift"; sourceTree = "<group>"; };
		83DB2F4F1EA23D1500AD7080 /* Networking.swift */ = {isa = PBXFileReference; fileEncoding = 4; lastKnownFileType = sourcecode.swift; path = Networking.swift; sourceTree = "<group>"; };
		83DB2F501EA23D1500AD7080 /* OAuthCredentials.swift */ = {isa = PBXFileReference; fileEncoding = 4; lastKnownFileType = sourcecode.swift; path = OAuthCredentials.swift; sourceTree = "<group>"; };
		83DB2F511EA23D1500AD7080 /* SimpleError.swift */ = {isa = PBXFileReference; fileEncoding = 4; lastKnownFileType = sourcecode.swift; path = SimpleError.swift; sourceTree = "<group>"; };
		83DB2F521EA23D1500AD7080 /* SubTargetType.swift */ = {isa = PBXFileReference; fileEncoding = 4; lastKnownFileType = sourcecode.swift; path = SubTargetType.swift; sourceTree = "<group>"; };
		83DB2F531EA23D1500AD7080 /* UserAccount.swift */ = {isa = PBXFileReference; fileEncoding = 4; lastKnownFileType = sourcecode.swift; path = UserAccount.swift; sourceTree = "<group>"; };
		83DB2F551EA23D1500AD7080 /* Account.swift */ = {isa = PBXFileReference; fileEncoding = 4; lastKnownFileType = sourcecode.swift; path = Account.swift; sourceTree = "<group>"; };
		83DB2F561EA23D1500AD7080 /* Application.swift */ = {isa = PBXFileReference; fileEncoding = 4; lastKnownFileType = sourcecode.swift; path = Application.swift; sourceTree = "<group>"; };
		83DB2F571EA23D1500AD7080 /* Attachment.swift */ = {isa = PBXFileReference; fileEncoding = 4; lastKnownFileType = sourcecode.swift; path = Attachment.swift; sourceTree = "<group>"; };
		83DB2F581EA23D1500AD7080 /* Box.swift */ = {isa = PBXFileReference; fileEncoding = 4; lastKnownFileType = sourcecode.swift; path = Box.swift; sourceTree = "<group>"; };
		83DB2F591EA23D1500AD7080 /* Card.swift */ = {isa = PBXFileReference; fileEncoding = 4; lastKnownFileType = sourcecode.swift; path = Card.swift; sourceTree = "<group>"; };
		83DB2F5A1EA23D1500AD7080 /* Context.swift */ = {isa = PBXFileReference; fileEncoding = 4; lastKnownFileType = sourcecode.swift; path = Context.swift; sourceTree = "<group>"; };
		83DB2F5B1EA23D1500AD7080 /* DateFormatter.swift */ = {isa = PBXFileReference; fileEncoding = 4; lastKnownFileType = sourcecode.swift; path = DateFormatter.swift; sourceTree = "<group>"; };
		83DB2F5C1EA23D1500AD7080 /* Instance.swift */ = {isa = PBXFileReference; fileEncoding = 4; lastKnownFileType = sourcecode.swift; path = Instance.swift; sourceTree = "<group>"; };
		83DB2F5D1EA23D1500AD7080 /* JSONTransformable.swift */ = {isa = PBXFileReference; fileEncoding = 4; lastKnownFileType = sourcecode.swift; path = JSONTransformable.swift; sourceTree = "<group>"; };
		83DB2F5E1EA23D1500AD7080 /* Mention.swift */ = {isa = PBXFileReference; fileEncoding = 4; lastKnownFileType = sourcecode.swift; path = Mention.swift; sourceTree = "<group>"; };
		83DB2F5F1EA23D1500AD7080 /* Notification.swift */ = {isa = PBXFileReference; fileEncoding = 4; lastKnownFileType = sourcecode.swift; path = Notification.swift; sourceTree = "<group>"; };
		83DB2F601EA23D1500AD7080 /* Relationship.swift */ = {isa = PBXFileReference; fileEncoding = 4; lastKnownFileType = sourcecode.swift; path = Relationship.swift; sourceTree = "<group>"; };
		83DB2F611EA23D1500AD7080 /* Report.swift */ = {isa = PBXFileReference; fileEncoding = 4; lastKnownFileType = sourcecode.swift; path = Report.swift; sourceTree = "<group>"; };
		83DB2F621EA23D1500AD7080 /* Results.swift */ = {isa = PBXFileReference; fileEncoding = 4; lastKnownFileType = sourcecode.swift; path = Results.swift; sourceTree = "<group>"; };
		83DB2F631EA23D1500AD7080 /* ServerError.swift */ = {isa = PBXFileReference; fileEncoding = 4; lastKnownFileType = sourcecode.swift; path = ServerError.swift; sourceTree = "<group>"; };
		83DB2F641EA23D1500AD7080 /* Status.swift */ = {isa = PBXFileReference; fileEncoding = 4; lastKnownFileType = sourcecode.swift; path = Status.swift; sourceTree = "<group>"; };
		83DB2F651EA23D1500AD7080 /* Tag.swift */ = {isa = PBXFileReference; fileEncoding = 4; lastKnownFileType = sourcecode.swift; path = Tag.swift; sourceTree = "<group>"; };
		83DB2F8E1EA2642600AD7080 /* JSONEntity.swift */ = {isa = PBXFileReference; fileEncoding = 4; lastKnownFileType = sourcecode.swift; path = JSONEntity.swift; sourceTree = "<group>"; };
		D1B78148836D3B3B68CCA76C /* Pods_Tootbot.framework */ = {isa = PBXFileReference; explicitFileType = wrapper.framework; includeInIndex = 0; path = Pods_Tootbot.framework; sourceTree = BUILT_PRODUCTS_DIR; };
		DBBD1C62070AD64387150C5D /* Pods-Tootbot.debug.xcconfig */ = {isa = PBXFileReference; includeInIndex = 1; lastKnownFileType = text.xcconfig; name = "Pods-Tootbot.debug.xcconfig"; path = "Pods/Target Support Files/Pods-Tootbot/Pods-Tootbot.debug.xcconfig"; sourceTree = "<group>"; };
		FCBE174263EF2693626E4C8F /* Pods-Tootbot.release.xcconfig */ = {isa = PBXFileReference; includeInIndex = 1; lastKnownFileType = text.xcconfig; name = "Pods-Tootbot.release.xcconfig"; path = "Pods/Target Support Files/Pods-Tootbot/Pods-Tootbot.release.xcconfig"; sourceTree = "<group>"; };
/* End PBXFileReference section */

/* Begin PBXFrameworksBuildPhase section */
		8317E6DD1E9BD870003F1AA2 /* Frameworks */ = {
			isa = PBXFrameworksBuildPhase;
			buildActionMask = 2147483647;
			files = (
				12EC120502C700C7DE0805F3 /* Pods_Tootbot.framework in Frameworks */,
			);
			runOnlyForDeploymentPostprocessing = 0;
		};
		83DB2F171EA22D7000AD7080 /* Frameworks */ = {
			isa = PBXFrameworksBuildPhase;
			buildActionMask = 2147483647;
			files = (
			);
			runOnlyForDeploymentPostprocessing = 0;
		};
/* End PBXFrameworksBuildPhase section */

/* Begin PBXGroup section */
		8317E6D71E9BD870003F1AA2 = {
			isa = PBXGroup;
			children = (
				8317E6E21E9BD870003F1AA2 /* Tootbot */,
				83DB2F1B1EA22D7000AD7080 /* TootbotTests */,
				8317E7071E9BE330003F1AA2 /* Frameworks */,
				A10E7551E444AF638FE1DEC5 /* Pods */,
				8317E6E11E9BD870003F1AA2 /* Products */,
			);
			sourceTree = "<group>";
		};
		8317E6E11E9BD870003F1AA2 /* Products */ = {
			isa = PBXGroup;
			children = (
				8317E6E01E9BD870003F1AA2 /* Tootbot.app */,
				83DB2F1A1EA22D7000AD7080 /* TootbotTests.xctest */,
			);
			name = Products;
			sourceTree = "<group>";
		};
		8317E6E21E9BD870003F1AA2 /* Tootbot */ = {
			isa = PBXGroup;
			children = (
				83DB2F881EA23D2200AD7080 /* App */,
				83DB2F431EA23D1500AD7080 /* Client */,
				83DB2F541EA23D1500AD7080 /* Model */,
				83DB2F871EA23D1C00AD7080 /* Supporting Files */,
			);
			path = Tootbot;
			sourceTree = "<group>";
		};
		8317E7071E9BE330003F1AA2 /* Frameworks */ = {
			isa = PBXGroup;
			children = (
				D1B78148836D3B3B68CCA76C /* Pods_Tootbot.framework */,
			);
			name = Frameworks;
			sourceTree = "<group>";
		};
		83DB2F1B1EA22D7000AD7080 /* TootbotTests */ = {
			isa = PBXGroup;
			children = (
				83DB2F1C1EA22D7000AD7080 /* TootbotTests.swift */,
				83DB2F1E1EA22D7000AD7080 /* Info.plist */,
			);
			path = TootbotTests;
			sourceTree = "<group>";
		};
		83DB2F431EA23D1500AD7080 /* Client */ = {
			isa = PBXGroup;
			children = (
				83DB2F8D1EA23D9700AD7080 /* Moya */,
				83DB2F8A1EA23D8100AD7080 /* Types */,
				83DB2F451EA23D1500AD7080 /* ApplicationProperties.swift */,
				83DB2F461EA23D1500AD7080 /* Authentication.swift */,
				83DB2F4A1EA23D1500AD7080 /* Keychain.swift */,
				83DB2F4D1EA23D1500AD7080 /* Networking+ApplicationCredentials.swift */,
				83DB2F4E1EA23D1500AD7080 /* Networking+UserCredentials.swift */,
				83DB2F4F1EA23D1500AD7080 /* Networking.swift */,
				83DB2F531EA23D1500AD7080 /* UserAccount.swift */,
			);
			path = Client;
			sourceTree = "<group>";
		};
		83DB2F541EA23D1500AD7080 /* Model */ = {
			isa = PBXGroup;
			children = (
				83DB2F891EA23D6A00AD7080 /* Entities */,
				83DB2F581EA23D1500AD7080 /* Box.swift */,
				83DB2F5B1EA23D1500AD7080 /* DateFormatter.swift */,
				83DB2F8E1EA2642600AD7080 /* JSONEntity.swift */,
				83DB2F5D1EA23D1500AD7080 /* JSONTransformable.swift */,
			);
			path = Model;
			sourceTree = "<group>";
		};
		83DB2F871EA23D1C00AD7080 /* Supporting Files */ = {
			isa = PBXGroup;
			children = (
				8317E6EA1E9BD870003F1AA2 /* Assets.xcassets */,
				8317E6EF1E9BD870003F1AA2 /* Info.plist */,
				8317E6EC1E9BD870003F1AA2 /* LaunchScreen.storyboard */,
				8317E6E71E9BD870003F1AA2 /* Main.storyboard */,
			);
			name = "Supporting Files";
			sourceTree = "<group>";
		};
		83DB2F881EA23D2200AD7080 /* App */ = {
			isa = PBXGroup;
			children = (
				8317E6E31E9BD870003F1AA2 /* AppDelegate.swift */,
				8317E6E51E9BD870003F1AA2 /* ViewController.swift */,
			);
			name = App;
			sourceTree = "<group>";
		};
		83DB2F891EA23D6A00AD7080 /* Entities */ = {
			isa = PBXGroup;
			children = (
				83DB2F551EA23D1500AD7080 /* Account.swift */,
				83DB2F561EA23D1500AD7080 /* Application.swift */,
				83DB2F571EA23D1500AD7080 /* Attachment.swift */,
				83DB2F591EA23D1500AD7080 /* Card.swift */,
				83DB2F5A1EA23D1500AD7080 /* Context.swift */,
				83DB2F5C1EA23D1500AD7080 /* Instance.swift */,
				83DB2F5E1EA23D1500AD7080 /* Mention.swift */,
				83DB2F5F1EA23D1500AD7080 /* Notification.swift */,
				83DB2F601EA23D1500AD7080 /* Relationship.swift */,
				83DB2F611EA23D1500AD7080 /* Report.swift */,
				83DB2F621EA23D1500AD7080 /* Results.swift */,
				83DB2F631EA23D1500AD7080 /* ServerError.swift */,
				83DB2F641EA23D1500AD7080 /* Status.swift */,
				83DB2F651EA23D1500AD7080 /* Tag.swift */,
			);
			name = Entities;
			sourceTree = "<group>";
		};
		83DB2F8A1EA23D8100AD7080 /* Types */ = {
			isa = PBXGroup;
			children = (
				83DB2F441EA23D1500AD7080 /* ApplicationCredentials.swift */,
				83DB2F491EA23D1500AD7080 /* FormData.swift */,
				83DB2F501EA23D1500AD7080 /* OAuthCredentials.swift */,
				83DB2F511EA23D1500AD7080 /* SimpleError.swift */,
			);
			name = Types;
			sourceTree = "<group>";
		};
		83DB2F8B1EA23D8500AD7080 /* Services */ = {
			isa = PBXGroup;
			children = (
				83DB2F4B1EA23D1500AD7080 /* MastodonService.swift */,
			);
			name = Services;
			sourceTree = "<group>";
		};
		83DB2F8D1EA23D9700AD7080 /* Moya */ = {
			isa = PBXGroup;
			children = (
				83DB2F471EA23D1500AD7080 /* DynamicProvider.swift */,
				83DB2F481EA23D1500AD7080 /* DynamicTarget.swift */,
				83DB2F8B1EA23D8500AD7080 /* Services */,
				83DB2F4C1EA23D1500AD7080 /* Moya+Freddy.swift */,
				83DB2F521EA23D1500AD7080 /* SubTargetType.swift */,
			);
			name = Moya;
			sourceTree = "<group>";
		};
		A10E7551E444AF638FE1DEC5 /* Pods */ = {
			isa = PBXGroup;
			children = (
				DBBD1C62070AD64387150C5D /* Pods-Tootbot.debug.xcconfig */,
				FCBE174263EF2693626E4C8F /* Pods-Tootbot.release.xcconfig */,
			);
			name = Pods;
			sourceTree = "<group>";
		};
/* End PBXGroup section */

/* Begin PBXNativeTarget section */
		8317E6DF1E9BD870003F1AA2 /* Tootbot */ = {
			isa = PBXNativeTarget;
			buildConfigurationList = 8317E6F21E9BD870003F1AA2 /* Build configuration list for PBXNativeTarget "Tootbot" */;
			buildPhases = (
				5AB1E01ED3726288AEBF84CE /* [CP] Check Pods Manifest.lock */,
				8317E6DC1E9BD870003F1AA2 /* Sources */,
				8317E6DD1E9BD870003F1AA2 /* Frameworks */,
				8317E6DE1E9BD870003F1AA2 /* Resources */,
				8317E7061E9BE25B003F1AA2 /* Embed Frameworks */,
				65727AA264727070E90DD3C8 /* [CP] Embed Pods Frameworks */,
				284093B19785CEC5C99253A1 /* [CP] Copy Pods Resources */,
			);
			buildRules = (
			);
			dependencies = (
			);
			name = Tootbot;
			productName = Tootbot;
			productReference = 8317E6E01E9BD870003F1AA2 /* Tootbot.app */;
			productType = "com.apple.product-type.application";
		};
		83DB2F191EA22D7000AD7080 /* TootbotTests */ = {
			isa = PBXNativeTarget;
			buildConfigurationList = 83DB2F211EA22D7000AD7080 /* Build configuration list for PBXNativeTarget "TootbotTests" */;
			buildPhases = (
				83DB2F161EA22D7000AD7080 /* Sources */,
				83DB2F171EA22D7000AD7080 /* Frameworks */,
				83DB2F181EA22D7000AD7080 /* Resources */,
			);
			buildRules = (
			);
			dependencies = (
				83DB2F201EA22D7000AD7080 /* PBXTargetDependency */,
			);
			name = TootbotTests;
			productName = TootbotTests;
			productReference = 83DB2F1A1EA22D7000AD7080 /* TootbotTests.xctest */;
			productType = "com.apple.product-type.bundle.unit-test";
		};
/* End PBXNativeTarget section */

/* Begin PBXProject section */
		8317E6D81E9BD870003F1AA2 /* Project object */ = {
			isa = PBXProject;
			attributes = {
				LastSwiftUpdateCheck = 0830;
				LastUpgradeCheck = 0830;
				ORGANIZATIONNAME = "";
				TargetAttributes = {
					8317E6DF1E9BD870003F1AA2 = {
						CreatedOnToolsVersion = 8.3.1;
						DevelopmentTeam = 94C3W2AV74;
						ProvisioningStyle = Automatic;
					};
					83DB2F191EA22D7000AD7080 = {
						CreatedOnToolsVersion = 8.3.1;
						DevelopmentTeam = 94C3W2AV74;
						ProvisioningStyle = Automatic;
						TestTargetID = 8317E6DF1E9BD870003F1AA2;
					};
				};
			};
			buildConfigurationList = 8317E6DB1E9BD870003F1AA2 /* Build configuration list for PBXProject "Tootbot" */;
			compatibilityVersion = "Xcode 3.2";
			developmentRegion = English;
			hasScannedForEncodings = 0;
			knownRegions = (
				en,
				Base,
			);
			mainGroup = 8317E6D71E9BD870003F1AA2;
			productRefGroup = 8317E6E11E9BD870003F1AA2 /* Products */;
			projectDirPath = "";
			projectRoot = "";
			targets = (
				8317E6DF1E9BD870003F1AA2 /* Tootbot */,
				83DB2F191EA22D7000AD7080 /* TootbotTests */,
			);
		};
/* End PBXProject section */

/* Begin PBXResourcesBuildPhase section */
		8317E6DE1E9BD870003F1AA2 /* Resources */ = {
			isa = PBXResourcesBuildPhase;
			buildActionMask = 2147483647;
			files = (
				8317E6EE1E9BD870003F1AA2 /* LaunchScreen.storyboard in Resources */,
				8317E6EB1E9BD870003F1AA2 /* Assets.xcassets in Resources */,
				8317E6E91E9BD870003F1AA2 /* Main.storyboard in Resources */,
			);
			runOnlyForDeploymentPostprocessing = 0;
		};
		83DB2F181EA22D7000AD7080 /* Resources */ = {
			isa = PBXResourcesBuildPhase;
			buildActionMask = 2147483647;
			files = (
			);
			runOnlyForDeploymentPostprocessing = 0;
		};
/* End PBXResourcesBuildPhase section */

/* Begin PBXShellScriptBuildPhase section */
		284093B19785CEC5C99253A1 /* [CP] Copy Pods Resources */ = {
			isa = PBXShellScriptBuildPhase;
			buildActionMask = 2147483647;
			files = (
			);
			inputPaths = (
			);
			name = "[CP] Copy Pods Resources";
			outputPaths = (
			);
			runOnlyForDeploymentPostprocessing = 0;
			shellPath = /bin/sh;
			shellScript = "\"${SRCROOT}/Pods/Target Support Files/Pods-Tootbot/Pods-Tootbot-resources.sh\"\n";
			showEnvVarsInLog = 0;
		};
		5AB1E01ED3726288AEBF84CE /* [CP] Check Pods Manifest.lock */ = {
			isa = PBXShellScriptBuildPhase;
			buildActionMask = 2147483647;
			files = (
			);
			inputPaths = (
			);
			name = "[CP] Check Pods Manifest.lock";
			outputPaths = (
			);
			runOnlyForDeploymentPostprocessing = 0;
			shellPath = /bin/sh;
			shellScript = "diff \"${PODS_PODFILE_DIR_PATH}/Podfile.lock\" \"${PODS_ROOT}/Manifest.lock\" > /dev/null\nif [ $? != 0 ] ; then\n    # print error to STDERR\n    echo \"error: The sandbox is not in sync with the Podfile.lock. Run 'pod install' or update your CocoaPods installation.\" >&2\n    exit 1\nfi\n";
			showEnvVarsInLog = 0;
		};
		65727AA264727070E90DD3C8 /* [CP] Embed Pods Frameworks */ = {
			isa = PBXShellScriptBuildPhase;
			buildActionMask = 2147483647;
			files = (
			);
			inputPaths = (
			);
			name = "[CP] Embed Pods Frameworks";
			outputPaths = (
			);
			runOnlyForDeploymentPostprocessing = 0;
			shellPath = /bin/sh;
			shellScript = "\"${SRCROOT}/Pods/Target Support Files/Pods-Tootbot/Pods-Tootbot-frameworks.sh\"\n";
			showEnvVarsInLog = 0;
		};
/* End PBXShellScriptBuildPhase section */

/* Begin PBXSourcesBuildPhase section */
		8317E6DC1E9BD870003F1AA2 /* Sources */ = {
			isa = PBXSourcesBuildPhase;
			buildActionMask = 2147483647;
			files = (
				83DB2F771EA23D1500AD7080 /* Application.swift in Sources */,
				83DB2F781EA23D1500AD7080 /* Attachment.swift in Sources */,
				83DB2F8F1EA2642600AD7080 /* JSONEntity.swift in Sources */,
				83DB2F821EA23D1500AD7080 /* Report.swift in Sources */,
				83DB2F851EA23D1500AD7080 /* Status.swift in Sources */,
				83DB2F731EA23D1500AD7080 /* SimpleError.swift in Sources */,
				83DB2F691EA23D1500AD7080 /* DynamicProvider.swift in Sources */,
				83DB2F751EA23D1500AD7080 /* UserAccount.swift in Sources */,
				83DB2F791EA23D1500AD7080 /* Box.swift in Sources */,
				8317E6E61E9BD870003F1AA2 /* ViewController.swift in Sources */,
				8317E6E41E9BD870003F1AA2 /* AppDelegate.swift in Sources */,
				83DB2F661EA23D1500AD7080 /* ApplicationCredentials.swift in Sources */,
				83DB2F6D1EA23D1500AD7080 /* MastodonService.swift in Sources */,
				83DB2F6E1EA23D1500AD7080 /* Moya+Freddy.swift in Sources */,
				83DB2F681EA23D1500AD7080 /* Authentication.swift in Sources */,
				83DB2F7E1EA23D1500AD7080 /* JSONTransformable.swift in Sources */,
				83DB2F741EA23D1500AD7080 /* SubTargetType.swift in Sources */,
				83DB2F6F1EA23D1500AD7080 /* Networking+ApplicationCredentials.swift in Sources */,
				83DB2F861EA23D1500AD7080 /* Tag.swift in Sources */,
				83DB2F7C1EA23D1500AD7080 /* DateFormatter.swift in Sources */,
				83DB2F6C1EA23D1500AD7080 /* Keychain.swift in Sources */,
				83DB2F6A1EA23D1500AD7080 /* DynamicTarget.swift in Sources */,
				83DB2F721EA23D1500AD7080 /* OAuthCredentials.swift in Sources */,
				83DB2F671EA23D1500AD7080 /* ApplicationProperties.swift in Sources */,
				83DB2F7A1EA23D1500AD7080 /* Card.swift in Sources */,
				83DB2F801EA23D1500AD7080 /* Notification.swift in Sources */,
				83DB2F6B1EA23D1500AD7080 /* FormData.swift in Sources */,
				83DB2F7F1EA23D1500AD7080 /* Mention.swift in Sources */,
				83DB2F701EA23D1500AD7080 /* Networking+UserCredentials.swift in Sources */,
				83DB2F831EA23D1500AD7080 /* Results.swift in Sources */,
				83DB2F811EA23D1500AD7080 /* Relationship.swift in Sources */,
				83DB2F7B1EA23D1500AD7080 /* Context.swift in Sources */,
				83DB2F761EA23D1500AD7080 /* Account.swift in Sources */,
				83DB2F7D1EA23D1500AD7080 /* Instance.swift in Sources */,
				83DB2F711EA23D1500AD7080 /* Networking.swift in Sources */,
				83DB2F841EA23D1500AD7080 /* ServerError.swift in Sources */,
			);
			runOnlyForDeploymentPostprocessing = 0;
		};
		83DB2F161EA22D7000AD7080 /* Sources */ = {
			isa = PBXSourcesBuildPhase;
			buildActionMask = 2147483647;
			files = (
				83DB2F1D1EA22D7000AD7080 /* TootbotTests.swift in Sources */,
			);
			runOnlyForDeploymentPostprocessing = 0;
		};
/* End PBXSourcesBuildPhase section */

/* Begin PBXTargetDependency section */
		83DB2F201EA22D7000AD7080 /* PBXTargetDependency */ = {
			isa = PBXTargetDependency;
			target = 8317E6DF1E9BD870003F1AA2 /* Tootbot */;
			targetProxy = 83DB2F1F1EA22D7000AD7080 /* PBXContainerItemProxy */;
		};
/* End PBXTargetDependency section */

/* Begin PBXVariantGroup section */
		8317E6E71E9BD870003F1AA2 /* Main.storyboard */ = {
			isa = PBXVariantGroup;
			children = (
				8317E6E81E9BD870003F1AA2 /* Base */,
			);
			name = Main.storyboard;
			sourceTree = "<group>";
		};
		8317E6EC1E9BD870003F1AA2 /* LaunchScreen.storyboard */ = {
			isa = PBXVariantGroup;
			children = (
				8317E6ED1E9BD870003F1AA2 /* Base */,
			);
			name = LaunchScreen.storyboard;
			sourceTree = "<group>";
		};
/* End PBXVariantGroup section */

/* Begin XCBuildConfiguration section */
		8317E6F01E9BD870003F1AA2 /* Debug */ = {
			isa = XCBuildConfiguration;
			buildSettings = {
				ALWAYS_SEARCH_USER_PATHS = NO;
				CLANG_ANALYZER_NONNULL = YES;
				CLANG_ANALYZER_NUMBER_OBJECT_CONVERSION = YES_AGGRESSIVE;
				CLANG_CXX_LANGUAGE_STANDARD = "gnu++0x";
				CLANG_CXX_LIBRARY = "libc++";
				CLANG_ENABLE_MODULES = YES;
				CLANG_ENABLE_OBJC_ARC = YES;
				CLANG_WARN_BOOL_CONVERSION = YES;
				CLANG_WARN_CONSTANT_CONVERSION = YES;
				CLANG_WARN_DIRECT_OBJC_ISA_USAGE = YES_ERROR;
				CLANG_WARN_DOCUMENTATION_COMMENTS = YES;
				CLANG_WARN_EMPTY_BODY = YES;
				CLANG_WARN_ENUM_CONVERSION = YES;
				CLANG_WARN_INFINITE_RECURSION = YES;
				CLANG_WARN_INT_CONVERSION = YES;
				CLANG_WARN_OBJC_ROOT_CLASS = YES_ERROR;
				CLANG_WARN_SUSPICIOUS_MOVE = YES;
				CLANG_WARN_UNREACHABLE_CODE = YES;
				CLANG_WARN__DUPLICATE_METHOD_MATCH = YES;
				"CODE_SIGN_IDENTITY[sdk=iphoneos*]" = "iPhone Developer";
				COPY_PHASE_STRIP = NO;
				DEBUG_INFORMATION_FORMAT = dwarf;
				ENABLE_STRICT_OBJC_MSGSEND = YES;
				ENABLE_TESTABILITY = YES;
				GCC_C_LANGUAGE_STANDARD = gnu99;
				GCC_DYNAMIC_NO_PIC = NO;
				GCC_NO_COMMON_BLOCKS = YES;
				GCC_OPTIMIZATION_LEVEL = 0;
				GCC_PREPROCESSOR_DEFINITIONS = (
					"DEBUG=1",
					"$(inherited)",
				);
				GCC_WARN_64_TO_32_BIT_CONVERSION = YES;
				GCC_WARN_ABOUT_RETURN_TYPE = YES_ERROR;
				GCC_WARN_UNDECLARED_SELECTOR = YES;
				GCC_WARN_UNINITIALIZED_AUTOS = YES_AGGRESSIVE;
				GCC_WARN_UNUSED_FUNCTION = YES;
				GCC_WARN_UNUSED_VARIABLE = YES;
				IPHONEOS_DEPLOYMENT_TARGET = 10.3;
				MTL_ENABLE_DEBUG_INFO = YES;
				ONLY_ACTIVE_ARCH = YES;
				SDKROOT = iphoneos;
				SWIFT_ACTIVE_COMPILATION_CONDITIONS = DEBUG;
				SWIFT_OPTIMIZATION_LEVEL = "-Onone";
				TARGETED_DEVICE_FAMILY = "1,2";
			};
			name = Debug;
		};
		8317E6F11E9BD870003F1AA2 /* Release */ = {
			isa = XCBuildConfiguration;
			buildSettings = {
				ALWAYS_SEARCH_USER_PATHS = NO;
				CLANG_ANALYZER_NONNULL = YES;
				CLANG_ANALYZER_NUMBER_OBJECT_CONVERSION = YES_AGGRESSIVE;
				CLANG_CXX_LANGUAGE_STANDARD = "gnu++0x";
				CLANG_CXX_LIBRARY = "libc++";
				CLANG_ENABLE_MODULES = YES;
				CLANG_ENABLE_OBJC_ARC = YES;
				CLANG_WARN_BOOL_CONVERSION = YES;
				CLANG_WARN_CONSTANT_CONVERSION = YES;
				CLANG_WARN_DIRECT_OBJC_ISA_USAGE = YES_ERROR;
				CLANG_WARN_DOCUMENTATION_COMMENTS = YES;
				CLANG_WARN_EMPTY_BODY = YES;
				CLANG_WARN_ENUM_CONVERSION = YES;
				CLANG_WARN_INFINITE_RECURSION = YES;
				CLANG_WARN_INT_CONVERSION = YES;
				CLANG_WARN_OBJC_ROOT_CLASS = YES_ERROR;
				CLANG_WARN_SUSPICIOUS_MOVE = YES;
				CLANG_WARN_UNREACHABLE_CODE = YES;
				CLANG_WARN__DUPLICATE_METHOD_MATCH = YES;
				"CODE_SIGN_IDENTITY[sdk=iphoneos*]" = "iPhone Developer";
				COPY_PHASE_STRIP = NO;
				DEBUG_INFORMATION_FORMAT = "dwarf-with-dsym";
				ENABLE_NS_ASSERTIONS = NO;
				ENABLE_STRICT_OBJC_MSGSEND = YES;
				GCC_C_LANGUAGE_STANDARD = gnu99;
				GCC_NO_COMMON_BLOCKS = YES;
				GCC_WARN_64_TO_32_BIT_CONVERSION = YES;
				GCC_WARN_ABOUT_RETURN_TYPE = YES_ERROR;
				GCC_WARN_UNDECLARED_SELECTOR = YES;
				GCC_WARN_UNINITIALIZED_AUTOS = YES_AGGRESSIVE;
				GCC_WARN_UNUSED_FUNCTION = YES;
				GCC_WARN_UNUSED_VARIABLE = YES;
				IPHONEOS_DEPLOYMENT_TARGET = 10.3;
				MTL_ENABLE_DEBUG_INFO = NO;
				SDKROOT = iphoneos;
				SWIFT_OPTIMIZATION_LEVEL = "-Owholemodule";
				TARGETED_DEVICE_FAMILY = "1,2";
				VALIDATE_PRODUCT = YES;
			};
			name = Release;
		};
		8317E6F31E9BD870003F1AA2 /* Debug */ = {
			isa = XCBuildConfiguration;
			baseConfigurationReference = DBBD1C62070AD64387150C5D /* Pods-Tootbot.debug.xcconfig */;
			buildSettings = {
				ALWAYS_EMBED_SWIFT_STANDARD_LIBRARIES = YES;
				ASSETCATALOG_COMPILER_APPICON_NAME = AppIcon;
				DEVELOPMENT_TEAM = 94C3W2AV74;
				INFOPLIST_FILE = Tootbot/Info.plist;
				LD_RUNPATH_SEARCH_PATHS = "$(inherited) @executable_path/Frameworks";
				PRODUCT_BUNDLE_IDENTIFIER = tootbot.iOS;
				PRODUCT_NAME = "$(TARGET_NAME)";
				SWIFT_VERSION = 3.0;
			};
			name = Debug;
		};
		8317E6F41E9BD870003F1AA2 /* Release */ = {
			isa = XCBuildConfiguration;
			baseConfigurationReference = FCBE174263EF2693626E4C8F /* Pods-Tootbot.release.xcconfig */;
			buildSettings = {
				ALWAYS_EMBED_SWIFT_STANDARD_LIBRARIES = YES;
				ASSETCATALOG_COMPILER_APPICON_NAME = AppIcon;
				DEVELOPMENT_TEAM = 94C3W2AV74;
				INFOPLIST_FILE = Tootbot/Info.plist;
				LD_RUNPATH_SEARCH_PATHS = "$(inherited) @executable_path/Frameworks";
				PRODUCT_BUNDLE_IDENTIFIER = tootbot.iOS;
				PRODUCT_NAME = "$(TARGET_NAME)";
				SWIFT_VERSION = 3.0;
			};
			name = Release;
		};
		83DB2F221EA22D7000AD7080 /* Debug */ = {
			isa = XCBuildConfiguration;
			buildSettings = {
				BUNDLE_LOADER = "$(TEST_HOST)";
				DEVELOPMENT_TEAM = 94C3W2AV74;
				INFOPLIST_FILE = TootbotTests/Info.plist;
				LD_RUNPATH_SEARCH_PATHS = "$(inherited) @executable_path/Frameworks @loader_path/Frameworks";
				PRODUCT_BUNDLE_IDENTIFIER = tootbot.TootbotTests;
				PRODUCT_NAME = "$(TARGET_NAME)";
				SWIFT_VERSION = 3.0;
				TEST_HOST = "$(BUILT_PRODUCTS_DIR)/Tootbot.app/Tootbot";
			};
			name = Debug;
		};
		83DB2F231EA22D7000AD7080 /* Release */ = {
			isa = XCBuildConfiguration;
			buildSettings = {
				BUNDLE_LOADER = "$(TEST_HOST)";
				DEVELOPMENT_TEAM = 94C3W2AV74;
				INFOPLIST_FILE = TootbotTests/Info.plist;
				LD_RUNPATH_SEARCH_PATHS = "$(inherited) @executable_path/Frameworks @loader_path/Frameworks";
				PRODUCT_BUNDLE_IDENTIFIER = tootbot.TootbotTests;
				PRODUCT_NAME = "$(TARGET_NAME)";
				SWIFT_VERSION = 3.0;
				TEST_HOST = "$(BUILT_PRODUCTS_DIR)/Tootbot.app/Tootbot";
			};
			name = Release;
		};
/* End XCBuildConfiguration section */

/* Begin XCConfigurationList section */
		8317E6DB1E9BD870003F1AA2 /* Build configuration list for PBXProject "Tootbot" */ = {
			isa = XCConfigurationList;
			buildConfigurations = (
				8317E6F01E9BD870003F1AA2 /* Debug */,
				8317E6F11E9BD870003F1AA2 /* Release */,
			);
			defaultConfigurationIsVisible = 0;
			defaultConfigurationName = Release;
		};
		8317E6F21E9BD870003F1AA2 /* Build configuration list for PBXNativeTarget "Tootbot" */ = {
			isa = XCConfigurationList;
			buildConfigurations = (
				8317E6F31E9BD870003F1AA2 /* Debug */,
				8317E6F41E9BD870003F1AA2 /* Release */,
			);
			defaultConfigurationIsVisible = 0;
			defaultConfigurationName = Release;
		};
		83DB2F211EA22D7000AD7080 /* Build configuration list for PBXNativeTarget "TootbotTests" */ = {
			isa = XCConfigurationList;
			buildConfigurations = (
				83DB2F221EA22D7000AD7080 /* Debug */,
				83DB2F231EA22D7000AD7080 /* Release */,
			);
			defaultConfigurationIsVisible = 0;
			defaultConfigurationName = Release;
		};
/* End XCConfigurationList section */
	};
	rootObject = 8317E6D81E9BD870003F1AA2 /* Project object */;
}
